
Microsoft Visual Studio Solution File, Format Version 12.00
# Visual Studio 2012
Project("{FAE04EC0-301F-11D3-BF4B-00C04F79EFBC}") = "FraudDetection", "AssignmentA\FraudDetection.csproj", "{11055038-AFC3-4DCE-8009-85FA1D01E3F0}"
EndProject
Project("{FAE04EC0-301F-11D3-BF4B-00C04F79EFBC}") = "FraudDetection.Tests", "AssignmentA.Tests\FraudDetection.Tests.csproj", "{EAB337AB-A384-46DC-AACA-2C6CEC5D650E}"
EndProject
Project("{FAE04EC0-301F-11D3-BF4B-00C04F79EFBC}") = "FraudDetection.Host", "AssignmentA.Host\FraudDetection.Host.csproj", "{050A7D11-BE22-4778-ACDE-35C8907E5586}"
EndProject
Global
	GlobalSection(SolutionConfigurationPlatforms) = preSolution
		Debug|Any CPU = Debug|Any CPU
		Release|Any CPU = Release|Any CPU
	EndGlobalSection
	GlobalSection(ProjectConfigurationPlatforms) = postSolution
		{11055038-AFC3-4DCE-8009-85FA1D01E3F0}.Debug|Any CPU.ActiveCfg = Debug|Any CPU
		{11055038-AFC3-4DCE-8009-85FA1D01E3F0}.Debug|Any CPU.Build.0 = Debug|Any CPU
		{11055038-AFC3-4DCE-8009-85FA1D01E3F0}.Release|Any CPU.ActiveCfg = Release|Any CPU
		{11055038-AFC3-4DCE-8009-85FA1D01E3F0}.Release|Any CPU.Build.0 = Release|Any CPU
		{EAB337AB-A384-46DC-AACA-2C6CEC5D650E}.Debug|Any CPU.ActiveCfg = Debug|Any CPU
		{EAB337AB-A384-46DC-AACA-2C6CEC5D650E}.Debug|Any CPU.Build.0 = Debug|Any CPU
		{EAB337AB-A384-46DC-AACA-2C6CEC5D650E}.Release|Any CPU.ActiveCfg = Release|Any CPU
		{EAB337AB-A384-46DC-AACA-2C6CEC5D650E}.Release|Any CPU.Build.0 = Release|Any CPU
		{050A7D11-BE22-4778-ACDE-35C8907E5586}.Debug|Any CPU.ActiveCfg = Debug|Any CPU
		{050A7D11-BE22-4778-ACDE-35C8907E5586}.Debug|Any CPU.Build.0 = Debug|Any CPU
		{050A7D11-BE22-4778-ACDE-35C8907E5586}.Release|Any CPU.ActiveCfg = Release|Any CPU
		{050A7D11-BE22-4778-ACDE-35C8907E5586}.Release|Any CPU.Build.0 = Release|Any CPU
	EndGlobalSection
	GlobalSection(SolutionProperties) = preSolution
		HideSolutionNode = FALSE
	EndGlobalSection
EndGlobal
